
Microsoft Visual Studio Solution File, Format Version 12.00
# Visual Studio Version 17
VisualStudioVersion = 17.4.33403.182
MinimumVisualStudioVersion = 10.0.40219.1
Project("{9A19103F-16F7-4668-BE54-9A1E7A4F7556}") = "Gloom.Server", "Gloom.Server\Gloom.Server.csproj", "{F8D06567-C3BF-4F97-83DC-6D73FC1F4E14}"
EndProject
Project("{9A19103F-16F7-4668-BE54-9A1E7A4F7556}") = "Gloom.Client", "Gloom.Client\Gloom.Client.csproj", "{9CD2BF1B-04C6-4E3E-9087-10D63B45ED57}"
EndProject
Project("{2150E333-8FDC-42A3-9474-1A3956D46DE8}") = "Solution Items", "Solution Items", "{BD0E55EC-AC90-4083-B4BD-E251BEA03040}"
	ProjectSection(SolutionItems) = preProject
		Commands.md = Commands.md
		Protocol.md = Protocol.md
		README.md = README.md
	EndProjectSection
EndProject
Project("{D954291E-2A0B-460D-934E-DC6B0785DB48}") = "Gloom.Shared", "Gloom.Shared\Gloom.Shared.shproj", "{14CCD117-B4C5-413F-BBA8-CB4863F9C4DA}"
EndProject
Project("{8BC9CEB8-8B4A-11D0-8D11-00A0C91BC942}") = "Gloom.SharpNeedle", "Gloom.SharpNeedle\Gloom.SharpNeedle.vcxproj", "{2C8B5F57-27FF-4125-9092-C35C184FB5A1}"
EndProject
Project("{8BC9CEB8-8B4A-11D0-8D11-00A0C91BC942}") = "Gloom.HiderDll", "Gloom.HiderDll\Gloom.HiderDll.vcxproj", "{DE921AD8-DBEC-4218-9335-AEA6A029EC7E}"
EndProject
Project("{8BC9CEB8-8B4A-11D0-8D11-00A0C91BC942}") = "Gloom.GloomLib", "Gloom.GloomLib\Gloom.GloomLib.vcxproj", "{E25247D6-A8E8-414B-948D-7DEF4E8E0372}"
EndProject
Global
	GlobalSection(SolutionConfigurationPlatforms) = preSolution
		Debug|Any CPU = Debug|Any CPU
		Debug|x64 = Debug|x64
		Debug|x86 = Debug|x86
		Release|Any CPU = Release|Any CPU
		Release|x64 = Release|x64
		Release|x86 = Release|x86
	EndGlobalSection
	GlobalSection(ProjectConfigurationPlatforms) = postSolution
		{F8D06567-C3BF-4F97-83DC-6D73FC1F4E14}.Debug|Any CPU.ActiveCfg = Debug|Any CPU
		{F8D06567-C3BF-4F97-83DC-6D73FC1F4E14}.Debug|Any CPU.Build.0 = Debug|Any CPU
		{F8D06567-C3BF-4F97-83DC-6D73FC1F4E14}.Debug|x64.ActiveCfg = Debug|Any CPU
		{F8D06567-C3BF-4F97-83DC-6D73FC1F4E14}.Debug|x64.Build.0 = Debug|Any CPU
		{F8D06567-C3BF-4F97-83DC-6D73FC1F4E14}.Debug|x86.ActiveCfg = Debug|Any CPU
		{F8D06567-C3BF-4F97-83DC-6D73FC1F4E14}.Debug|x86.Build.0 = Debug|Any CPU
		{F8D06567-C3BF-4F97-83DC-6D73FC1F4E14}.Release|Any CPU.ActiveCfg = Release|Any CPU
		{F8D06567-C3BF-4F97-83DC-6D73FC1F4E14}.Release|Any CPU.Build.0 = Release|Any CPU
		{F8D06567-C3BF-4F97-83DC-6D73FC1F4E14}.Release|x64.ActiveCfg = Release|Any CPU
		{F8D06567-C3BF-4F97-83DC-6D73FC1F4E14}.Release|x64.Build.0 = Release|Any CPU
		{F8D06567-C3BF-4F97-83DC-6D73FC1F4E14}.Release|x86.ActiveCfg = Release|Any CPU
		{F8D06567-C3BF-4F97-83DC-6D73FC1F4E14}.Release|x86.Build.0 = Release|Any CPU
		{9CD2BF1B-04C6-4E3E-9087-10D63B45ED57}.Debug|Any CPU.ActiveCfg = Debug|Any CPU
		{9CD2BF1B-04C6-4E3E-9087-10D63B45ED57}.Debug|Any CPU.Build.0 = Debug|Any CPU
		{9CD2BF1B-04C6-4E3E-9087-10D63B45ED57}.Debug|x64.ActiveCfg = Debug|Any CPU
		{9CD2BF1B-04C6-4E3E-9087-10D63B45ED57}.Debug|x64.Build.0 = Debug|Any CPU
		{9CD2BF1B-04C6-4E3E-9087-10D63B45ED57}.Debug|x86.ActiveCfg = Debug|Any CPU
		{9CD2BF1B-04C6-4E3E-9087-10D63B45ED57}.Debug|x86.Build.0 = Debug|Any CPU
		{9CD2BF1B-04C6-4E3E-9087-10D63B45ED57}.Release|Any CPU.ActiveCfg = Release|Any CPU
		{9CD2BF1B-04C6-4E3E-9087-10D63B45ED57}.Release|Any CPU.Build.0 = Release|Any CPU
		{9CD2BF1B-04C6-4E3E-9087-10D63B45ED57}.Release|x64.ActiveCfg = Release|Any CPU
		{9CD2BF1B-04C6-4E3E-9087-10D63B45ED57}.Release|x64.Build.0 = Release|Any CPU
		{9CD2BF1B-04C6-4E3E-9087-10D63B45ED57}.Release|x86.ActiveCfg = Release|Any CPU
		{9CD2BF1B-04C6-4E3E-9087-10D63B45ED57}.Release|x86.Build.0 = Release|Any CPU
		{2C8B5F57-27FF-4125-9092-C35C184FB5A1}.Debug|Any CPU.ActiveCfg = Debug|x64
		{2C8B5F57-27FF-4125-9092-C35C184FB5A1}.Debug|Any CPU.Build.0 = Debug|x64
		{2C8B5F57-27FF-4125-9092-C35C184FB5A1}.Debug|x64.ActiveCfg = Debug|x64
		{2C8B5F57-27FF-4125-9092-C35C184FB5A1}.Debug|x64.Build.0 = Debug|x64
		{2C8B5F57-27FF-4125-9092-C35C184FB5A1}.Debug|x86.ActiveCfg = Debug|Win32
		{2C8B5F57-27FF-4125-9092-C35C184FB5A1}.Debug|x86.Build.0 = Debug|Win32
		{2C8B5F57-27FF-4125-9092-C35C184FB5A1}.Release|Any CPU.ActiveCfg = Release|x64
		{2C8B5F57-27FF-4125-9092-C35C184FB5A1}.Release|Any CPU.Build.0 = Release|x64
		{2C8B5F57-27FF-4125-9092-C35C184FB5A1}.Release|x64.ActiveCfg = Release|x64
		{2C8B5F57-27FF-4125-9092-C35C184FB5A1}.Release|x64.Build.0 = Release|x64
		{2C8B5F57-27FF-4125-9092-C35C184FB5A1}.Release|x86.ActiveCfg = Release|Win32
		{2C8B5F57-27FF-4125-9092-C35C184FB5A1}.Release|x86.Build.0 = Release|Win32
		{DE921AD8-DBEC-4218-9335-AEA6A029EC7E}.Debug|Any CPU.ActiveCfg = Debug|x64
		{DE921AD8-DBEC-4218-9335-AEA6A029EC7E}.Debug|Any CPU.Build.0 = Debug|x64
		{DE921AD8-DBEC-4218-9335-AEA6A029EC7E}.Debug|x64.ActiveCfg = Debug|x64
		{DE921AD8-DBEC-4218-9335-AEA6A029EC7E}.Debug|x64.Build.0 = Debug|x64
		{DE921AD8-DBEC-4218-9335-AEA6A029EC7E}.Debug|x86.ActiveCfg = Debug|Win32
		{DE921AD8-DBEC-4218-9335-AEA6A029EC7E}.Debug|x86.Build.0 = Debug|Win32
		{DE921AD8-DBEC-4218-9335-AEA6A029EC7E}.Release|Any CPU.ActiveCfg = Release|x64
		{DE921AD8-DBEC-4218-9335-AEA6A029EC7E}.Release|Any CPU.Build.0 = Release|x64
		{DE921AD8-DBEC-4218-9335-AEA6A029EC7E}.Release|x64.ActiveCfg = Release|x64
		{DE921AD8-DBEC-4218-9335-AEA6A029EC7E}.Release|x64.Build.0 = Release|x64
		{DE921AD8-DBEC-4218-9335-AEA6A029EC7E}.Release|x86.ActiveCfg = Release|Win32
		{DE921AD8-DBEC-4218-9335-AEA6A029EC7E}.Release|x86.Build.0 = Release|Win32
		{E25247D6-A8E8-414B-948D-7DEF4E8E0372}.Debug|Any CPU.ActiveCfg = Debug|x64
		{E25247D6-A8E8-414B-948D-7DEF4E8E0372}.Debug|Any CPU.Build.0 = Debug|x64
		{E25247D6-A8E8-414B-948D-7DEF4E8E0372}.Debug|x64.ActiveCfg = Debug|x64
		{E25247D6-A8E8-414B-948D-7DEF4E8E0372}.Debug|x64.Build.0 = Debug|x64
		{E25247D6-A8E8-414B-948D-7DEF4E8E0372}.Debug|x86.ActiveCfg = Debug|Win32
		{E25247D6-A8E8-414B-948D-7DEF4E8E0372}.Debug|x86.Build.0 = Debug|Win32
		{E25247D6-A8E8-414B-948D-7DEF4E8E0372}.Release|Any CPU.ActiveCfg = Release|x64
		{E25247D6-A8E8-414B-948D-7DEF4E8E0372}.Release|Any CPU.Build.0 = Release|x64
		{E25247D6-A8E8-414B-948D-7DEF4E8E0372}.Release|x64.ActiveCfg = Release|x64
		{E25247D6-A8E8-414B-948D-7DEF4E8E0372}.Release|x64.Build.0 = Release|x64
		{E25247D6-A8E8-414B-948D-7DEF4E8E0372}.Release|x86.ActiveCfg = Release|Win32
		{E25247D6-A8E8-414B-948D-7DEF4E8E0372}.Release|x86.Build.0 = Release|Win32
	EndGlobalSection
	GlobalSection(SolutionProperties) = preSolution
		HideSolutionNode = FALSE
	EndGlobalSection
	GlobalSection(ExtensibilityGlobals) = postSolution
		SolutionGuid = {FF3AEF18-EA8F-4E43-87F9-7D99209A62E3}
	EndGlobalSection
	GlobalSection(SharedMSBuildProjectFiles) = preSolution
		Gloom.Shared\Gloom.Shared.projitems*{14ccd117-b4c5-413f-bba8-cb4863f9c4da}*SharedItemsImports = 13
		Gloom.Shared\Gloom.Shared.projitems*{9cd2bf1b-04c6-4e3e-9087-10d63b45ed57}*SharedItemsImports = 5
		Gloom.Shared\Gloom.Shared.projitems*{f8d06567-c3bf-4f97-83dc-6d73fc1f4e14}*SharedItemsImports = 5
	EndGlobalSection
EndGlobal
